
Microsoft Visual Studio Solution File, Format Version 12.00
# Visual Studio 14
VisualStudioVersion = 14.0.25123.0
MinimumVisualStudioVersion = 10.0.40219.1
Project("{FAE04EC0-301F-11D3-BF4B-00C04F79EFBC}") = "TagLife.Android", "TagLife\TagLife.Android\TagLife.Android.csproj", "{D10BF829-5BFA-415B-90EC-8937E80B3A44}"
EndProject
Project("{FAE04EC0-301F-11D3-BF4B-00C04F79EFBC}") = "TagLife", "TagLife\TagLife\TagLife.csproj", "{A50DF50C-4DC1-4936-B56B-885C1BB4F0E1}"
EndProject
Project("{FAE04EC0-301F-11D3-BF4B-00C04F79EFBC}") = "TagLife.UWP", "TagLife\TagLife.UWP\TagLife.UWP.csproj", "{60F9ECEB-CCC9-44BB-8F88-3A030EAE48D0}"
EndProject
Project("{FAE04EC0-301F-11D3-BF4B-00C04F79EFBC}") = "TagLife.iOS", "TagLife\TagLife.iOS\TagLife.iOS.csproj", "{016D5AC4-E3F8-4E28-A711-1A9D530E8A57}"
EndProject
Global
	GlobalSection(SolutionConfigurationPlatforms) = preSolution
		Ad-Hoc|Any CPU = Ad-Hoc|Any CPU
		Ad-Hoc|ARM = Ad-Hoc|ARM
		Ad-Hoc|iPhone = Ad-Hoc|iPhone
		Ad-Hoc|iPhoneSimulator = Ad-Hoc|iPhoneSimulator
		Ad-Hoc|x64 = Ad-Hoc|x64
		Ad-Hoc|x86 = Ad-Hoc|x86
		AppStore|Any CPU = AppStore|Any CPU
		AppStore|ARM = AppStore|ARM
		AppStore|iPhone = AppStore|iPhone
		AppStore|iPhoneSimulator = AppStore|iPhoneSimulator
		AppStore|x64 = AppStore|x64
		AppStore|x86 = AppStore|x86
		Debug|Any CPU = Debug|Any CPU
		Debug|ARM = Debug|ARM
		Debug|iPhone = Debug|iPhone
		Debug|iPhoneSimulator = Debug|iPhoneSimulator
		Debug|x64 = Debug|x64
		Debug|x86 = Debug|x86
		Release|Any CPU = Release|Any CPU
		Release|ARM = Release|ARM
		Release|iPhone = Release|iPhone
		Release|iPhoneSimulator = Release|iPhoneSimulator
		Release|x64 = Release|x64
		Release|x86 = Release|x86
	EndGlobalSection
	GlobalSection(ProjectConfigurationPlatforms) = postSolution
		{D10BF829-5BFA-415B-90EC-8937E80B3A44}.Ad-Hoc|Any CPU.ActiveCfg = Release|Any CPU
		{D10BF829-5BFA-415B-90EC-8937E80B3A44}.Ad-Hoc|Any CPU.Build.0 = Release|Any CPU
		{D10BF829-5BFA-415B-90EC-8937E80B3A44}.Ad-Hoc|Any CPU.Deploy.0 = Release|Any CPU
		{D10BF829-5BFA-415B-90EC-8937E80B3A44}.Ad-Hoc|ARM.ActiveCfg = Release|Any CPU
		{D10BF829-5BFA-415B-90EC-8937E80B3A44}.Ad-Hoc|ARM.Build.0 = Release|Any CPU
		{D10BF829-5BFA-415B-90EC-8937E80B3A44}.Ad-Hoc|ARM.Deploy.0 = Release|Any CPU
		{D10BF829-5BFA-415B-90EC-8937E80B3A44}.Ad-Hoc|iPhone.ActiveCfg = Release|Any CPU
		{D10BF829-5BFA-415B-90EC-8937E80B3A44}.Ad-Hoc|iPhone.Build.0 = Release|Any CPU
		{D10BF829-5BFA-415B-90EC-8937E80B3A44}.Ad-Hoc|iPhone.Deploy.0 = Release|Any CPU
		{D10BF829-5BFA-415B-90EC-8937E80B3A44}.Ad-Hoc|iPhoneSimulator.ActiveCfg = Release|Any CPU
		{D10BF829-5BFA-415B-90EC-8937E80B3A44}.Ad-Hoc|iPhoneSimulator.Build.0 = Release|Any CPU
		{D10BF829-5BFA-415B-90EC-8937E80B3A44}.Ad-Hoc|iPhoneSimulator.Deploy.0 = Release|Any CPU
		{D10BF829-5BFA-415B-90EC-8937E80B3A44}.Ad-Hoc|x64.ActiveCfg = Release|Any CPU
		{D10BF829-5BFA-415B-90EC-8937E80B3A44}.Ad-Hoc|x64.Build.0 = Release|Any CPU
		{D10BF829-5BFA-415B-90EC-8937E80B3A44}.Ad-Hoc|x64.Deploy.0 = Release|Any CPU
		{D10BF829-5BFA-415B-90EC-8937E80B3A44}.Ad-Hoc|x86.ActiveCfg = Release|Any CPU
		{D10BF829-5BFA-415B-90EC-8937E80B3A44}.Ad-Hoc|x86.Build.0 = Release|Any CPU
		{D10BF829-5BFA-415B-90EC-8937E80B3A44}.Ad-Hoc|x86.Deploy.0 = Release|Any CPU
		{D10BF829-5BFA-415B-90EC-8937E80B3A44}.AppStore|Any CPU.ActiveCfg = Release|Any CPU
		{D10BF829-5BFA-415B-90EC-8937E80B3A44}.AppStore|Any CPU.Build.0 = Release|Any CPU
		{D10BF829-5BFA-415B-90EC-8937E80B3A44}.AppStore|Any CPU.Deploy.0 = Release|Any CPU
		{D10BF829-5BFA-415B-90EC-8937E80B3A44}.AppStore|ARM.ActiveCfg = Release|Any CPU
		{D10BF829-5BFA-415B-90EC-8937E80B3A44}.AppStore|ARM.Build.0 = Release|Any CPU
		{D10BF829-5BFA-415B-90EC-8937E80B3A44}.AppStore|ARM.Deploy.0 = Release|Any CPU
		{D10BF829-5BFA-415B-90EC-8937E80B3A44}.AppStore|iPhone.ActiveCfg = Release|Any CPU
		{D10BF829-5BFA-415B-90EC-8937E80B3A44}.AppStore|iPhone.Build.0 = Release|Any CPU
		{D10BF829-5BFA-415B-90EC-8937E80B3A44}.AppStore|iPhone.Deploy.0 = Release|Any CPU
		{D10BF829-5BFA-415B-90EC-8937E80B3A44}.AppStore|iPhoneSimulator.ActiveCfg = Release|Any CPU
		{D10BF829-5BFA-415B-90EC-8937E80B3A44}.AppStore|iPhoneSimulator.Build.0 = Release|Any CPU
		{D10BF829-5BFA-415B-90EC-8937E80B3A44}.AppStore|iPhoneSimulator.Deploy.0 = Release|Any CPU
		{D10BF829-5BFA-415B-90EC-8937E80B3A44}.AppStore|x64.ActiveCfg = Release|Any CPU
		{D10BF829-5BFA-415B-90EC-8937E80B3A44}.AppStore|x64.Build.0 = Release|Any CPU
		{D10BF829-5BFA-415B-90EC-8937E80B3A44}.AppStore|x64.Deploy.0 = Release|Any CPU
		{D10BF829-5BFA-415B-90EC-8937E80B3A44}.AppStore|x86.ActiveCfg = Release|Any CPU
		{D10BF829-5BFA-415B-90EC-8937E80B3A44}.AppStore|x86.Build.0 = Release|Any CPU
		{D10BF829-5BFA-415B-90EC-8937E80B3A44}.AppStore|x86.Deploy.0 = Release|Any CPU
		{D10BF829-5BFA-415B-90EC-8937E80B3A44}.Debug|Any CPU.ActiveCfg = Debug|Any CPU
		{D10BF829-5BFA-415B-90EC-8937E80B3A44}.Debug|Any CPU.Build.0 = Debug|Any CPU
		{D10BF829-5BFA-415B-90EC-8937E80B3A44}.Debug|Any CPU.Deploy.0 = Debug|Any CPU
		{D10BF829-5BFA-415B-90EC-8937E80B3A44}.Debug|ARM.ActiveCfg = Debug|Any CPU
		{D10BF829-5BFA-415B-90EC-8937E80B3A44}.Debug|ARM.Build.0 = Debug|Any CPU
		{D10BF829-5BFA-415B-90EC-8937E80B3A44}.Debug|ARM.Deploy.0 = Debug|Any CPU
		{D10BF829-5BFA-415B-90EC-8937E80B3A44}.Debug|iPhone.ActiveCfg = Debug|Any CPU
		{D10BF829-5BFA-415B-90EC-8937E80B3A44}.Debug|iPhone.Build.0 = Debug|Any CPU
		{D10BF829-5BFA-415B-90EC-8937E80B3A44}.Debug|iPhone.Deploy.0 = Debug|Any CPU
		{D10BF829-5BFA-415B-90EC-8937E80B3A44}.Debug|iPhoneSimulator.ActiveCfg = Debug|Any CPU
		{D10BF829-5BFA-415B-90EC-8937E80B3A44}.Debug|iPhoneSimulator.Build.0 = Debug|Any CPU
		{D10BF829-5BFA-415B-90EC-8937E80B3A44}.Debug|iPhoneSimulator.Deploy.0 = Debug|Any CPU
		{D10BF829-5BFA-415B-90EC-8937E80B3A44}.Debug|x64.ActiveCfg = Debug|Any CPU
		{D10BF829-5BFA-415B-90EC-8937E80B3A44}.Debug|x64.Build.0 = Debug|Any CPU
		{D10BF829-5BFA-415B-90EC-8937E80B3A44}.Debug|x64.Deploy.0 = Debug|Any CPU
		{D10BF829-5BFA-415B-90EC-8937E80B3A44}.Debug|x86.ActiveCfg = Debug|Any CPU
		{D10BF829-5BFA-415B-90EC-8937E80B3A44}.Debug|x86.Build.0 = Debug|Any CPU
		{D10BF829-5BFA-415B-90EC-8937E80B3A44}.Debug|x86.Deploy.0 = Debug|Any CPU
		{D10BF829-5BFA-415B-90EC-8937E80B3A44}.Release|Any CPU.ActiveCfg = Release|Any CPU
		{D10BF829-5BFA-415B-90EC-8937E80B3A44}.Release|Any CPU.Build.0 = Release|Any CPU
		{D10BF829-5BFA-415B-90EC-8937E80B3A44}.Release|Any CPU.Deploy.0 = Release|Any CPU
		{D10BF829-5BFA-415B-90EC-8937E80B3A44}.Release|ARM.ActiveCfg = Release|Any CPU
		{D10BF829-5BFA-415B-90EC-8937E80B3A44}.Release|ARM.Build.0 = Release|Any CPU
		{D10BF829-5BFA-415B-90EC-8937E80B3A44}.Release|ARM.Deploy.0 = Release|Any CPU
		{D10BF829-5BFA-415B-90EC-8937E80B3A44}.Release|iPhone.ActiveCfg = Release|Any CPU
		{D10BF829-5BFA-415B-90EC-8937E80B3A44}.Release|iPhone.Build.0 = Release|Any CPU
		{D10BF829-5BFA-415B-90EC-8937E80B3A44}.Release|iPhone.Deploy.0 = Release|Any CPU
		{D10BF829-5BFA-415B-90EC-8937E80B3A44}.Release|iPhoneSimulator.ActiveCfg = Release|Any CPU
		{D10BF829-5BFA-415B-90EC-8937E80B3A44}.Release|iPhoneSimulator.Build.0 = Release|Any CPU
		{D10BF829-5BFA-415B-90EC-8937E80B3A44}.Release|iPhoneSimulator.Deploy.0 = Release|Any CPU
		{D10BF829-5BFA-415B-90EC-8937E80B3A44}.Release|x64.ActiveCfg = Release|Any CPU
		{D10BF829-5BFA-415B-90EC-8937E80B3A44}.Release|x64.Build.0 = Release|Any CPU
		{D10BF829-5BFA-415B-90EC-8937E80B3A44}.Release|x64.Deploy.0 = Release|Any CPU
		{D10BF829-5BFA-415B-90EC-8937E80B3A44}.Release|x86.ActiveCfg = Release|Any CPU
		{D10BF829-5BFA-415B-90EC-8937E80B3A44}.Release|x86.Build.0 = Release|Any CPU
		{D10BF829-5BFA-415B-90EC-8937E80B3A44}.Release|x86.Deploy.0 = Release|Any CPU
		{A50DF50C-4DC1-4936-B56B-885C1BB4F0E1}.Ad-Hoc|Any CPU.ActiveCfg = Release|Any CPU
		{A50DF50C-4DC1-4936-B56B-885C1BB4F0E1}.Ad-Hoc|Any CPU.Build.0 = Release|Any CPU
		{A50DF50C-4DC1-4936-B56B-885C1BB4F0E1}.Ad-Hoc|ARM.ActiveCfg = Release|Any CPU
		{A50DF50C-4DC1-4936-B56B-885C1BB4F0E1}.Ad-Hoc|ARM.Build.0 = Release|Any CPU
		{A50DF50C-4DC1-4936-B56B-885C1BB4F0E1}.Ad-Hoc|iPhone.ActiveCfg = Release|Any CPU
		{A50DF50C-4DC1-4936-B56B-885C1BB4F0E1}.Ad-Hoc|iPhone.Build.0 = Release|Any CPU
		{A50DF50C-4DC1-4936-B56B-885C1BB4F0E1}.Ad-Hoc|iPhoneSimulator.ActiveCfg = Release|Any CPU
		{A50DF50C-4DC1-4936-B56B-885C1BB4F0E1}.Ad-Hoc|iPhoneSimulator.Build.0 = Release|Any CPU
		{A50DF50C-4DC1-4936-B56B-885C1BB4F0E1}.Ad-Hoc|x64.ActiveCfg = Release|Any CPU
		{A50DF50C-4DC1-4936-B56B-885C1BB4F0E1}.Ad-Hoc|x64.Build.0 = Release|Any CPU
		{A50DF50C-4DC1-4936-B56B-885C1BB4F0E1}.Ad-Hoc|x86.ActiveCfg = Release|Any CPU
		{A50DF50C-4DC1-4936-B56B-885C1BB4F0E1}.Ad-Hoc|x86.Build.0 = Release|Any CPU
		{A50DF50C-4DC1-4936-B56B-885C1BB4F0E1}.AppStore|Any CPU.ActiveCfg = Release|Any CPU
		{A50DF50C-4DC1-4936-B56B-885C1BB4F0E1}.AppStore|Any CPU.Build.0 = Release|Any CPU
		{A50DF50C-4DC1-4936-B56B-885C1BB4F0E1}.AppStore|ARM.ActiveCfg = Release|Any CPU
		{A50DF50C-4DC1-4936-B56B-885C1BB4F0E1}.AppStore|ARM.Build.0 = Release|Any CPU
		{A50DF50C-4DC1-4936-B56B-885C1BB4F0E1}.AppStore|iPhone.ActiveCfg = Release|Any CPU
		{A50DF50C-4DC1-4936-B56B-885C1BB4F0E1}.AppStore|iPhone.Build.0 = Release|Any CPU
		{A50DF50C-4DC1-4936-B56B-885C1BB4F0E1}.AppStore|iPhoneSimulator.ActiveCfg = Release|Any CPU
		{A50DF50C-4DC1-4936-B56B-885C1BB4F0E1}.AppStore|iPhoneSimulator.Build.0 = Release|Any CPU
		{A50DF50C-4DC1-4936-B56B-885C1BB4F0E1}.AppStore|x64.ActiveCfg = Release|Any CPU
		{A50DF50C-4DC1-4936-B56B-885C1BB4F0E1}.AppStore|x64.Build.0 = Release|Any CPU
		{A50DF50C-4DC1-4936-B56B-885C1BB4F0E1}.AppStore|x86.ActiveCfg = Release|Any CPU
		{A50DF50C-4DC1-4936-B56B-885C1BB4F0E1}.AppStore|x86.Build.0 = Release|Any CPU
		{A50DF50C-4DC1-4936-B56B-885C1BB4F0E1}.Debug|Any CPU.ActiveCfg = Debug|Any CPU
		{A50DF50C-4DC1-4936-B56B-885C1BB4F0E1}.Debug|Any CPU.Build.0 = Debug|Any CPU
		{A50DF50C-4DC1-4936-B56B-885C1BB4F0E1}.Debug|ARM.ActiveCfg = Debug|Any CPU
		{A50DF50C-4DC1-4936-B56B-885C1BB4F0E1}.Debug|ARM.Build.0 = Debug|Any CPU
		{A50DF50C-4DC1-4936-B56B-885C1BB4F0E1}.Debug|iPhone.ActiveCfg = Debug|Any CPU
		{A50DF50C-4DC1-4936-B56B-885C1BB4F0E1}.Debug|iPhone.Build.0 = Debug|Any CPU
		{A50DF50C-4DC1-4936-B56B-885C1BB4F0E1}.Debug|iPhoneSimulator.ActiveCfg = Debug|Any CPU
		{A50DF50C-4DC1-4936-B56B-885C1BB4F0E1}.Debug|iPhoneSimulator.Build.0 = Debug|Any CPU
		{A50DF50C-4DC1-4936-B56B-885C1BB4F0E1}.Debug|x64.ActiveCfg = Debug|Any CPU
		{A50DF50C-4DC1-4936-B56B-885C1BB4F0E1}.Debug|x64.Build.0 = Debug|Any CPU
		{A50DF50C-4DC1-4936-B56B-885C1BB4F0E1}.Debug|x86.ActiveCfg = Debug|Any CPU
		{A50DF50C-4DC1-4936-B56B-885C1BB4F0E1}.Debug|x86.Build.0 = Debug|Any CPU
		{A50DF50C-4DC1-4936-B56B-885C1BB4F0E1}.Release|Any CPU.ActiveCfg = Release|Any CPU
		{A50DF50C-4DC1-4936-B56B-885C1BB4F0E1}.Release|Any CPU.Build.0 = Release|Any CPU
		{A50DF50C-4DC1-4936-B56B-885C1BB4F0E1}.Release|ARM.ActiveCfg = Release|Any CPU
		{A50DF50C-4DC1-4936-B56B-885C1BB4F0E1}.Release|ARM.Build.0 = Release|Any CPU
		{A50DF50C-4DC1-4936-B56B-885C1BB4F0E1}.Release|iPhone.ActiveCfg = Release|Any CPU
		{A50DF50C-4DC1-4936-B56B-885C1BB4F0E1}.Release|iPhone.Build.0 = Release|Any CPU
		{A50DF50C-4DC1-4936-B56B-885C1BB4F0E1}.Release|iPhoneSimulator.ActiveCfg = Release|Any CPU
		{A50DF50C-4DC1-4936-B56B-885C1BB4F0E1}.Release|iPhoneSimulator.Build.0 = Release|Any CPU
		{A50DF50C-4DC1-4936-B56B-885C1BB4F0E1}.Release|x64.ActiveCfg = Release|Any CPU
		{A50DF50C-4DC1-4936-B56B-885C1BB4F0E1}.Release|x64.Build.0 = Release|Any CPU
		{A50DF50C-4DC1-4936-B56B-885C1BB4F0E1}.Release|x86.ActiveCfg = Release|Any CPU
		{A50DF50C-4DC1-4936-B56B-885C1BB4F0E1}.Release|x86.Build.0 = Release|Any CPU
		{60F9ECEB-CCC9-44BB-8F88-3A030EAE48D0}.Ad-Hoc|Any CPU.ActiveCfg = Release|x86
		{60F9ECEB-CCC9-44BB-8F88-3A030EAE48D0}.Ad-Hoc|Any CPU.Build.0 = Release|x86
		{60F9ECEB-CCC9-44BB-8F88-3A030EAE48D0}.Ad-Hoc|Any CPU.Deploy.0 = Release|x86
		{60F9ECEB-CCC9-44BB-8F88-3A030EAE48D0}.Ad-Hoc|ARM.ActiveCfg = Release|ARM
		{60F9ECEB-CCC9-44BB-8F88-3A030EAE48D0}.Ad-Hoc|ARM.Build.0 = Release|ARM
		{60F9ECEB-CCC9-44BB-8F88-3A030EAE48D0}.Ad-Hoc|ARM.Deploy.0 = Release|ARM
		{60F9ECEB-CCC9-44BB-8F88-3A030EAE48D0}.Ad-Hoc|iPhone.ActiveCfg = Release|x86
		{60F9ECEB-CCC9-44BB-8F88-3A030EAE48D0}.Ad-Hoc|iPhone.Build.0 = Release|x86
		{60F9ECEB-CCC9-44BB-8F88-3A030EAE48D0}.Ad-Hoc|iPhone.Deploy.0 = Release|x86
		{60F9ECEB-CCC9-44BB-8F88-3A030EAE48D0}.Ad-Hoc|iPhoneSimulator.ActiveCfg = Release|x86
		{60F9ECEB-CCC9-44BB-8F88-3A030EAE48D0}.Ad-Hoc|iPhoneSimulator.Build.0 = Release|x86
		{60F9ECEB-CCC9-44BB-8F88-3A030EAE48D0}.Ad-Hoc|iPhoneSimulator.Deploy.0 = Release|x86
		{60F9ECEB-CCC9-44BB-8F88-3A030EAE48D0}.Ad-Hoc|x64.ActiveCfg = Release|x64
		{60F9ECEB-CCC9-44BB-8F88-3A030EAE48D0}.Ad-Hoc|x64.Build.0 = Release|x64
		{60F9ECEB-CCC9-44BB-8F88-3A030EAE48D0}.Ad-Hoc|x64.Deploy.0 = Release|x64
		{60F9ECEB-CCC9-44BB-8F88-3A030EAE48D0}.Ad-Hoc|x86.ActiveCfg = Release|x86
		{60F9ECEB-CCC9-44BB-8F88-3A030EAE48D0}.Ad-Hoc|x86.Build.0 = Release|x86
		{60F9ECEB-CCC9-44BB-8F88-3A030EAE48D0}.Ad-Hoc|x86.Deploy.0 = Release|x86
		{60F9ECEB-CCC9-44BB-8F88-3A030EAE48D0}.AppStore|Any CPU.ActiveCfg = Release|x86
		{60F9ECEB-CCC9-44BB-8F88-3A030EAE48D0}.AppStore|Any CPU.Build.0 = Release|x86
		{60F9ECEB-CCC9-44BB-8F88-3A030EAE48D0}.AppStore|Any CPU.Deploy.0 = Release|x86
		{60F9ECEB-CCC9-44BB-8F88-3A030EAE48D0}.AppStore|ARM.ActiveCfg = Release|ARM
		{60F9ECEB-CCC9-44BB-8F88-3A030EAE48D0}.AppStore|ARM.Build.0 = Release|ARM
		{60F9ECEB-CCC9-44BB-8F88-3A030EAE48D0}.AppStore|ARM.Deploy.0 = Release|ARM
		{60F9ECEB-CCC9-44BB-8F88-3A030EAE48D0}.AppStore|iPhone.ActiveCfg = Release|x86
		{60F9ECEB-CCC9-44BB-8F88-3A030EAE48D0}.AppStore|iPhone.Build.0 = Release|x86
		{60F9ECEB-CCC9-44BB-8F88-3A030EAE48D0}.AppStore|iPhone.Deploy.0 = Release|x86
		{60F9ECEB-CCC9-44BB-8F88-3A030EAE48D0}.AppStore|iPhoneSimulator.ActiveCfg = Release|x86
		{60F9ECEB-CCC9-44BB-8F88-3A030EAE48D0}.AppStore|iPhoneSimulator.Build.0 = Release|x86
		{60F9ECEB-CCC9-44BB-8F88-3A030EAE48D0}.AppStore|iPhoneSimulator.Deploy.0 = Release|x86
		{60F9ECEB-CCC9-44BB-8F88-3A030EAE48D0}.AppStore|x64.ActiveCfg = Release|x64
		{60F9ECEB-CCC9-44BB-8F88-3A030EAE48D0}.AppStore|x64.Build.0 = Release|x64
		{60F9ECEB-CCC9-44BB-8F88-3A030EAE48D0}.AppStore|x64.Deploy.0 = Release|x64
		{60F9ECEB-CCC9-44BB-8F88-3A030EAE48D0}.AppStore|x86.ActiveCfg = Release|x86
		{60F9ECEB-CCC9-44BB-8F88-3A030EAE48D0}.AppStore|x86.Build.0 = Release|x86
		{60F9ECEB-CCC9-44BB-8F88-3A030EAE48D0}.AppStore|x86.Deploy.0 = Release|x86
		{60F9ECEB-CCC9-44BB-8F88-3A030EAE48D0}.Debug|Any CPU.ActiveCfg = Debug|x86
		{60F9ECEB-CCC9-44BB-8F88-3A030EAE48D0}.Debug|ARM.ActiveCfg = Debug|ARM
		{60F9ECEB-CCC9-44BB-8F88-3A030EAE48D0}.Debug|ARM.Build.0 = Debug|ARM
		{60F9ECEB-CCC9-44BB-8F88-3A030EAE48D0}.Debug|ARM.Deploy.0 = Debug|ARM
		{60F9ECEB-CCC9-44BB-8F88-3A030EAE48D0}.Debug|iPhone.ActiveCfg = Debug|x86
		{60F9ECEB-CCC9-44BB-8F88-3A030EAE48D0}.Debug|iPhoneSimulator.ActiveCfg = Debug|x86
		{60F9ECEB-CCC9-44BB-8F88-3A030EAE48D0}.Debug|x64.ActiveCfg = Debug|x64
		{60F9ECEB-CCC9-44BB-8F88-3A030EAE48D0}.Debug|x64.Build.0 = Debug|x64
		{60F9ECEB-CCC9-44BB-8F88-3A030EAE48D0}.Debug|x64.Deploy.0 = Debug|x64
		{60F9ECEB-CCC9-44BB-8F88-3A030EAE48D0}.Debug|x86.ActiveCfg = Debug|x86
		{60F9ECEB-CCC9-44BB-8F88-3A030EAE48D0}.Debug|x86.Build.0 = Debug|x86
		{60F9ECEB-CCC9-44BB-8F88-3A030EAE48D0}.Debug|x86.Deploy.0 = Debug|x86
		{60F9ECEB-CCC9-44BB-8F88-3A030EAE48D0}.Release|Any CPU.ActiveCfg = Release|x86
		{60F9ECEB-CCC9-44BB-8F88-3A030EAE48D0}.Release|ARM.ActiveCfg = Release|ARM
		{60F9ECEB-CCC9-44BB-8F88-3A030EAE48D0}.Release|ARM.Build.0 = Release|ARM
		{60F9ECEB-CCC9-44BB-8F88-3A030EAE48D0}.Release|ARM.Deploy.0 = Release|ARM
		{60F9ECEB-CCC9-44BB-8F88-3A030EAE48D0}.Release|iPhone.ActiveCfg = Release|x86
		{60F9ECEB-CCC9-44BB-8F88-3A030EAE48D0}.Release|iPhoneSimulator.ActiveCfg = Release|x86
		{60F9ECEB-CCC9-44BB-8F88-3A030EAE48D0}.Release|x64.ActiveCfg = Release|x64
		{60F9ECEB-CCC9-44BB-8F88-3A030EAE48D0}.Release|x64.Build.0 = Release|x64
		{60F9ECEB-CCC9-44BB-8F88-3A030EAE48D0}.Release|x64.Deploy.0 = Release|x64
		{60F9ECEB-CCC9-44BB-8F88-3A030EAE48D0}.Release|x86.ActiveCfg = Release|x86
		{60F9ECEB-CCC9-44BB-8F88-3A030EAE48D0}.Release|x86.Build.0 = Release|x86
		{60F9ECEB-CCC9-44BB-8F88-3A030EAE48D0}.Release|x86.Deploy.0 = Release|x86
		{016D5AC4-E3F8-4E28-A711-1A9D530E8A57}.Ad-Hoc|Any CPU.ActiveCfg = Ad-Hoc|iPhone
		{016D5AC4-E3F8-4E28-A711-1A9D530E8A57}.Ad-Hoc|ARM.ActiveCfg = Ad-Hoc|iPhone
		{016D5AC4-E3F8-4E28-A711-1A9D530E8A57}.Ad-Hoc|iPhone.ActiveCfg = Ad-Hoc|iPhone
		{016D5AC4-E3F8-4E28-A711-1A9D530E8A57}.Ad-Hoc|iPhone.Build.0 = Ad-Hoc|iPhone
		{016D5AC4-E3F8-4E28-A711-1A9D530E8A57}.Ad-Hoc|iPhoneSimulator.ActiveCfg = Ad-Hoc|iPhoneSimulator
		{016D5AC4-E3F8-4E28-A711-1A9D530E8A57}.Ad-Hoc|iPhoneSimulator.Build.0 = Ad-Hoc|iPhoneSimulator
		{016D5AC4-E3F8-4E28-A711-1A9D530E8A57}.Ad-Hoc|x64.ActiveCfg = Ad-Hoc|iPhone
		{016D5AC4-E3F8-4E28-A711-1A9D530E8A57}.Ad-Hoc|x86.ActiveCfg = Ad-Hoc|iPhone
		{016D5AC4-E3F8-4E28-A711-1A9D530E8A57}.AppStore|Any CPU.ActiveCfg = AppStore|iPhone
		{016D5AC4-E3F8-4E28-A711-1A9D530E8A57}.AppStore|ARM.ActiveCfg = AppStore|iPhone
		{016D5AC4-E3F8-4E28-A711-1A9D530E8A57}.AppStore|iPhone.ActiveCfg = AppStore|iPhone
		{016D5AC4-E3F8-4E28-A711-1A9D530E8A57}.AppStore|iPhone.Build.0 = AppStore|iPhone
		{016D5AC4-E3F8-4E28-A711-1A9D530E8A57}.AppStore|iPhoneSimulator.ActiveCfg = AppStore|iPhoneSimulator
		{016D5AC4-E3F8-4E28-A711-1A9D530E8A57}.AppStore|iPhoneSimulator.Build.0 = AppStore|iPhoneSimulator
		{016D5AC4-E3F8-4E28-A711-1A9D530E8A57}.AppStore|x64.ActiveCfg = AppStore|iPhone
		{016D5AC4-E3F8-4E28-A711-1A9D530E8A57}.AppStore|x86.ActiveCfg = AppStore|iPhone
		{016D5AC4-E3F8-4E28-A711-1A9D530E8A57}.Debug|Any CPU.ActiveCfg = Debug|iPhone
		{016D5AC4-E3F8-4E28-A711-1A9D530E8A57}.Debug|ARM.ActiveCfg = Debug|iPhone
		{016D5AC4-E3F8-4E28-A711-1A9D530E8A57}.Debug|iPhone.ActiveCfg = Debug|iPhone
		{016D5AC4-E3F8-4E28-A711-1A9D530E8A57}.Debug|iPhone.Build.0 = Debug|iPhone
		{016D5AC4-E3F8-4E28-A711-1A9D530E8A57}.Debug|iPhoneSimulator.ActiveCfg = Debug|iPhoneSimulator
		{016D5AC4-E3F8-4E28-A711-1A9D530E8A57}.Debug|iPhoneSimulator.Build.0 = Debug|iPhoneSimulator
		{016D5AC4-E3F8-4E28-A711-1A9D530E8A57}.Debug|x64.ActiveCfg = Debug|iPhone
		{016D5AC4-E3F8-4E28-A711-1A9D530E8A57}.Debug|x86.ActiveCfg = Debug|iPhone
		{016D5AC4-E3F8-4E28-A711-1A9D530E8A57}.Release|Any CPU.ActiveCfg = Release|iPhone
		{016D5AC4-E3F8-4E28-A711-1A9D530E8A57}.Release|ARM.ActiveCfg = Release|iPhone
		{016D5AC4-E3F8-4E28-A711-1A9D530E8A57}.Release|iPhone.ActiveCfg = Release|iPhone
		{016D5AC4-E3F8-4E28-A711-1A9D530E8A57}.Release|iPhone.Build.0 = Release|iPhone
		{016D5AC4-E3F8-4E28-A711-1A9D530E8A57}.Release|iPhoneSimulator.ActiveCfg = Release|iPhoneSimulator
		{016D5AC4-E3F8-4E28-A711-1A9D530E8A57}.Release|iPhoneSimulator.Build.0 = Release|iPhoneSimulator
		{016D5AC4-E3F8-4E28-A711-1A9D530E8A57}.Release|x64.ActiveCfg = Release|iPhone
		{016D5AC4-E3F8-4E28-A711-1A9D530E8A57}.Release|x86.ActiveCfg = Release|iPhone
	EndGlobalSection
	GlobalSection(SolutionProperties) = preSolution
		HideSolutionNode = FALSE
	EndGlobalSection
EndGlobal
